
Microsoft Visual Studio Solution File, Format Version 12.00
# Visual Studio Version 17
VisualStudioVersion = 17.8.34511.84
MinimumVisualStudioVersion = 10.0.40219.1
Project("{9A19103F-16F7-4668-BE54-9A1E7A4F7556}") = "HagitAppointmentsAPI", "HagitAppointmentsAPI\HagitAppointmentsAPI.csproj", "{074A6FE6-C5B1-433B-B82F-8C71C3083955}"
EndProject
Project("{FAE04EC0-301F-11D3-BF4B-00C04F79EFBC}") = "HagitAppointments.Commands", "HagitAppointments.Commands\HagitAppointments.Commands.csproj", "{5D05B05E-98DA-4391-B775-59C64CE71F5A}"
EndProject
Project("{FAE04EC0-301F-11D3-BF4B-00C04F79EFBC}") = "HagitAppointments.Queries", "HagitAppointments.Queries\HagitAppointments.Queries.csproj", "{565316F8-C787-4DEC-A3C8-BB4C67113F93}"
EndProject
Project("{FAE04EC0-301F-11D3-BF4B-00C04F79EFBC}") = "HagitAppointments.Core", "HagitAppointments.Core\HagitAppointments.Core.csproj", "{25417886-6FAD-4539-87F2-25D19D6DC194}"
EndProject
Global
	GlobalSection(SolutionConfigurationPlatforms) = preSolution
		Debug|Any CPU = Debug|Any CPU
		Release|Any CPU = Release|Any CPU
	EndGlobalSection
	GlobalSection(ProjectConfigurationPlatforms) = postSolution
		{074A6FE6-C5B1-433B-B82F-8C71C3083955}.Debug|Any CPU.ActiveCfg = Debug|Any CPU
		{074A6FE6-C5B1-433B-B82F-8C71C3083955}.Debug|Any CPU.Build.0 = Debug|Any CPU
		{074A6FE6-C5B1-433B-B82F-8C71C3083955}.Release|Any CPU.ActiveCfg = Release|Any CPU
		{074A6FE6-C5B1-433B-B82F-8C71C3083955}.Release|Any CPU.Build.0 = Release|Any CPU
		{5D05B05E-98DA-4391-B775-59C64CE71F5A}.Debug|Any CPU.ActiveCfg = Debug|Any CPU
		{5D05B05E-98DA-4391-B775-59C64CE71F5A}.Debug|Any CPU.Build.0 = Debug|Any CPU
		{5D05B05E-98DA-4391-B775-59C64CE71F5A}.Release|Any CPU.ActiveCfg = Release|Any CPU
		{5D05B05E-98DA-4391-B775-59C64CE71F5A}.Release|Any CPU.Build.0 = Release|Any CPU
		{565316F8-C787-4DEC-A3C8-BB4C67113F93}.Debug|Any CPU.ActiveCfg = Debug|Any CPU
		{565316F8-C787-4DEC-A3C8-BB4C67113F93}.Debug|Any CPU.Build.0 = Debug|Any CPU
		{565316F8-C787-4DEC-A3C8-BB4C67113F93}.Release|Any CPU.ActiveCfg = Release|Any CPU
		{565316F8-C787-4DEC-A3C8-BB4C67113F93}.Release|Any CPU.Build.0 = Release|Any CPU
		{25417886-6FAD-4539-87F2-25D19D6DC194}.Debug|Any CPU.ActiveCfg = Debug|Any CPU
		{25417886-6FAD-4539-87F2-25D19D6DC194}.Debug|Any CPU.Build.0 = Debug|Any CPU
		{25417886-6FAD-4539-87F2-25D19D6DC194}.Release|Any CPU.ActiveCfg = Release|Any CPU
		{25417886-6FAD-4539-87F2-25D19D6DC194}.Release|Any CPU.Build.0 = Release|Any CPU
	EndGlobalSection
	GlobalSection(SolutionProperties) = preSolution
		HideSolutionNode = FALSE
	EndGlobalSection
	GlobalSection(ExtensibilityGlobals) = postSolution
		SolutionGuid = {D3268F70-3A60-4B2F-841B-EF81FEE81F3D}
	EndGlobalSection
EndGlobal
